
Microsoft Visual Studio Solution File, Format Version 12.00
# Visual Studio Version 16
VisualStudioVersion = 16.0.31025.194
MinimumVisualStudioVersion = 10.0.40219.1
Project("{8BC9CEB8-8B4A-11D0-8D11-00A0C91BC942}") = "UNO", "UNO.vcxproj", "{CD8436E7-96A0-4745-B47E-4DBD8C44052C}"
EndProject
Global
	GlobalSection(SolutionConfigurationPlatforms) = preSolution
		Debug|x64 = Debug|x64
		Debug|x86 = Debug|x86
		Release|x64 = Release|x64
		Release|x86 = Release|x86
	EndGlobalSection
	GlobalSection(ProjectConfigurationPlatforms) = postSolution
		{CD8436E7-96A0-4745-B47E-4DBD8C44052C}.Debug|x64.ActiveCfg = Debug|x64
		{CD8436E7-96A0-4745-B47E-4DBD8C44052C}.Debug|x64.Build.0 = Debug|x64
		{CD8436E7-96A0-4745-B47E-4DBD8C44052C}.Debug|x86.ActiveCfg = Debug|Win32
		{CD8436E7-96A0-4745-B47E-4DBD8C44052C}.Debug|x86.Build.0 = Debug|Win32
		{CD8436E7-96A0-4745-B47E-4DBD8C44052C}.Release|x64.ActiveCfg = Release|x64
		{CD8436E7-96A0-4745-B47E-4DBD8C44052C}.Release|x64.Build.0 = Release|x64
		{CD8436E7-96A0-4745-B47E-4DBD8C44052C}.Release|x86.ActiveCfg = Release|Win32
		{CD8436E7-96A0-4745-B47E-4DBD8C44052C}.Release|x86.Build.0 = Release|Win32
	EndGlobalSection
	GlobalSection(SolutionProperties) = preSolution
		HideSolutionNode = FALSE
	EndGlobalSection
	GlobalSection(ExtensibilityGlobals) = postSolution
		SolutionGuid = {7A8C896C-3468-400A-AEF5-17434628EDC3}
	EndGlobalSection
EndGlobal
